
Microsoft Visual Studio Solution File, Format Version 12.00
# Visual Studio Version 17
VisualStudioVersion = 17.7.34031.279
MinimumVisualStudioVersion = 10.0.40219.1
Project("{FAE04EC0-301F-11D3-BF4B-00C04F79EFBC}") = "DotNet_Keygen_Music_Player", "DotNet_Keygen_Music_Player\DotNet_Keygen_Music_Player.csproj", "{2CBD857A-C72B-5144-7549-FA074F32ECAD}"
	ProjectSection(ProjectDependencies) = postProject
		{6590DD75-997C-D127-EC63-9EC71CCE2280} = {6590DD75-997C-D127-EC63-9EC71CCE2280}
	EndProjectSection
EndProject
Project("{FAE04EC0-301F-11D3-BF4B-00C04F79EFBC}") = "Keygen_Music_Player_Core", "Keygen_Music_Player_Core\Keygen_Music_Player_Core.csproj", "{6590DD75-997C-D127-EC63-9EC71CCE2280}"
EndProject
Global
	GlobalSection(SolutionConfigurationPlatforms) = preSolution
		Debug|Any CPU = Debug|Any CPU
		Release|Any CPU = Release|Any CPU
	EndGlobalSection
	GlobalSection(ProjectConfigurationPlatforms) = postSolution
		{2CBD857A-C72B-5144-7549-FA074F32ECAD}.Debug|Any CPU.ActiveCfg = Debug|Any CPU
		{2CBD857A-C72B-5144-7549-FA074F32ECAD}.Debug|Any CPU.Build.0 = Debug|Any CPU
		{2CBD857A-C72B-5144-7549-FA074F32ECAD}.Release|Any CPU.ActiveCfg = Release|Any CPU
		{2CBD857A-C72B-5144-7549-FA074F32ECAD}.Release|Any CPU.Build.0 = Release|Any CPU
		{6590DD75-997C-D127-EC63-9EC71CCE2280}.Debug|Any CPU.ActiveCfg = Debug|Any CPU
		{6590DD75-997C-D127-EC63-9EC71CCE2280}.Debug|Any CPU.Build.0 = Debug|Any CPU
		{6590DD75-997C-D127-EC63-9EC71CCE2280}.Release|Any CPU.ActiveCfg = Release|Any CPU
		{6590DD75-997C-D127-EC63-9EC71CCE2280}.Release|Any CPU.Build.0 = Release|Any CPU
	EndGlobalSection
	GlobalSection(SolutionProperties) = preSolution
		HideSolutionNode = FALSE
	EndGlobalSection
	GlobalSection(ExtensibilityGlobals) = postSolution
		SolutionGuid = {03B71C78-4BED-49B8-B0EA-7E4AAFF020CF}
	EndGlobalSection
EndGlobal
